
Microsoft Visual Studio Solution File, Format Version 12.00
# Visual Studio Version 17
VisualStudioVersion = 17.3.32929.385
MinimumVisualStudioVersion = 10.0.40219.1
Project("{FAE04EC0-301F-11D3-BF4B-00C04F79EFBC}") = "UniversityApiBackend", "UniversityApiBackend\UniversityApiBackend.csproj", "{4F493BD5-82D6-4657-B68E-40A94A4CDE05}"
EndProject
Global
	GlobalSection(SolutionConfigurationPlatforms) = preSolution
		Debug|Any CPU = Debug|Any CPU
		Release|Any CPU = Release|Any CPU
	EndGlobalSection
	GlobalSection(ProjectConfigurationPlatforms) = postSolution
		{4F493BD5-82D6-4657-B68E-40A94A4CDE05}.Debug|Any CPU.ActiveCfg = Debug|Any CPU
		{4F493BD5-82D6-4657-B68E-40A94A4CDE05}.Debug|Any CPU.Build.0 = Debug|Any CPU
		{4F493BD5-82D6-4657-B68E-40A94A4CDE05}.Release|Any CPU.ActiveCfg = Release|Any CPU
		{4F493BD5-82D6-4657-B68E-40A94A4CDE05}.Release|Any CPU.Build.0 = Release|Any CPU
	EndGlobalSection
	GlobalSection(SolutionProperties) = preSolution
		HideSolutionNode = FALSE
	EndGlobalSection
	GlobalSection(ExtensibilityGlobals) = postSolution
		SolutionGuid = {F3799775-D7CC-4A39-9724-DF6D60C25C63}
	EndGlobalSection
EndGlobal
